{
  "name": "estimator_lib",
  "version": "1.0.0",
  "lockfileVersion": 1,
  "requires": true,
  "dependencies": {
    "1st-claas": {
      "version": "git+https://github.com/stevehoover/1st-CLaaS.git#1ea5f3f9b766beafa1aa4864a9b75c6c589bf22e",
      "from": "git+https://github.com/stevehoover/1st-CLaaS.git"
    }
  }
}
